
Microsoft Visual Studio Solution File, Format Version 12.00
# Visual Studio Version 17
VisualStudioVersion = 17.0.31903.59
MinimumVisualStudioVersion = 10.0.40219.1
Project("{2150E333-8FDC-42A3-9474-1A3956D46DE8}") = "src", "src", "{E47CDA60-76C9-45FC-AFE5-C29A82724D59}"
EndProject
Project("{2150E333-8FDC-42A3-9474-1A3956D46DE8}") = "BuildingBlocks", "BuildingBlocks", "{59BA8B72-E2F8-41D4-BDB3-7A3948A57FBF}"
EndProject
Project("{FAE04EC0-301F-11D3-BF4B-00C04F79EFBC}") = "TournamentPlatform.Contracts", "src\BuildingBlocks\TournamentPlatform.Contracts\TournamentPlatform.Contracts.csproj", "{88BC3E77-56FE-429D-A308-EF575DFE28C8}"
EndProject
Project("{2150E333-8FDC-42A3-9474-1A3956D46DE8}") = "Services", "Services", "{6EA313C5-4FA2-4ACE-9E5B-60AF8C4066E6}"
EndProject
Project("{2150E333-8FDC-42A3-9474-1A3956D46DE8}") = "Auth", "Auth", "{EC38E1DB-551C-4030-991E-3C1DE901B077}"
EndProject
Project("{FAE04EC0-301F-11D3-BF4B-00C04F79EFBC}") = "Auth.Api", "src\Services\Auth\Auth.Api\Auth.Api.csproj", "{E995BE4A-6BF4-42E5-958E-E61565535406}"
EndProject
Project("{FAE04EC0-301F-11D3-BF4B-00C04F79EFBC}") = "Auth.Application", "src\Services\Auth\Auth.Application\Auth.Application.csproj", "{4F2C8AE0-E261-4056-B108-C6466D8CB407}"
EndProject
Project("{FAE04EC0-301F-11D3-BF4B-00C04F79EFBC}") = "Auth.Domain", "src\Services\Auth\Auth.Domain\Auth.Domain.csproj", "{87CA8CB1-92C8-439E-814C-D54F0D657497}"
EndProject
Project("{FAE04EC0-301F-11D3-BF4B-00C04F79EFBC}") = "Auth.Infrastructure", "src\Services\Auth\Auth.Infrastructure\Auth.Infrastructure.csproj", "{68BBDA41-FF83-4D2C-B4F6-50035674EDDE}"
EndProject
Project("{2150E333-8FDC-42A3-9474-1A3956D46DE8}") = "Rating", "Rating", "{4AAB3E3C-604C-4002-AEB1-85CDA35CD628}"
EndProject
Project("{FAE04EC0-301F-11D3-BF4B-00C04F79EFBC}") = "Rating.Api", "src\Services\Rating\Rating.Api\Rating.Api.csproj", "{887A1A48-15DE-40D0-B08D-1E4E4A26802B}"
EndProject
Project("{FAE04EC0-301F-11D3-BF4B-00C04F79EFBC}") = "Rating.Application", "src\Services\Rating\Rating.Application\Rating.Application.csproj", "{E19CE3F2-569E-400A-8DBC-E01FB3C16EDF}"
EndProject
Project("{FAE04EC0-301F-11D3-BF4B-00C04F79EFBC}") = "Rating.Domain", "src\Services\Rating\Rating.Domain\Rating.Domain.csproj", "{9DF6C1EB-C416-4878-8CA3-34878E080B19}"
EndProject
Project("{FAE04EC0-301F-11D3-BF4B-00C04F79EFBC}") = "Rating.Infrastructure", "src\Services\Rating\Rating.Infrastructure\Rating.Infrastructure.csproj", "{3873A1EB-1E6F-4FE7-83FB-BC7AC5CCD61E}"
EndProject
Project("{2150E333-8FDC-42A3-9474-1A3956D46DE8}") = "Tournament", "Tournament", "{D2EE9ABF-9FFD-46A1-857C-BF15E02C5445}"
EndProject
Project("{FAE04EC0-301F-11D3-BF4B-00C04F79EFBC}") = "Tournament.Api", "src\Services\Tournament\Tournament.Api\Tournament.Api.csproj", "{C932602C-4448-4ECB-BBEB-FB61E6AE3C81}"
EndProject
Project("{FAE04EC0-301F-11D3-BF4B-00C04F79EFBC}") = "Tournament.Application", "src\Services\Tournament\Tournament.Application\Tournament.Application.csproj", "{FA2CAFEA-448A-4CAE-B38A-BC42C606F0F1}"
EndProject
Project("{FAE04EC0-301F-11D3-BF4B-00C04F79EFBC}") = "Tournament.Domain", "src\Services\Tournament\Tournament.Domain\Tournament.Domain.csproj", "{862CA8A1-D3ED-4547-AF08-0B3A32664627}"
EndProject
Project("{FAE04EC0-301F-11D3-BF4B-00C04F79EFBC}") = "Tournament.Infrastructure", "src\Services\Tournament\Tournament.Infrastructure\Tournament.Infrastructure.csproj", "{DE620362-FF5A-47C2-8D8A-396C0127A5AF}"
EndProject
Project("{2150E333-8FDC-42A3-9474-1A3956D46DE8}") = "tests", "tests", "{D9EA770F-091B-477E-AEF5-85D26E4CF5A1}"
EndProject
Project("{FAE04EC0-301F-11D3-BF4B-00C04F79EFBC}") = "Auth.Tests", "tests\Auth.Tests\Auth.Tests.csproj", "{4925F561-382B-4C9F-8833-BE48D2756210}"
EndProject
Project("{FAE04EC0-301F-11D3-BF4B-00C04F79EFBC}") = "Integration.Tests", "tests\Integration.Tests\Integration.Tests.csproj", "{B1F8E897-2F39-49D5-91AD-EC418F2208DC}"
EndProject
Project("{FAE04EC0-301F-11D3-BF4B-00C04F79EFBC}") = "Rating.Tests", "tests\Rating.Tests\Rating.Tests.csproj", "{1774745E-F376-4A40-82BB-41F36355AACA}"
EndProject
Project("{FAE04EC0-301F-11D3-BF4B-00C04F79EFBC}") = "Tournament.Tests", "tests\Tournament.Tests\Tournament.Tests.csproj", "{C2C34809-9494-4A01-96E9-B336A6F55EB0}"
EndProject
Project("{FAE04EC0-301F-11D3-BF4B-00C04F79EFBC}") = "TournamentPlatform.Shared", "src\BuildingBlocks\TournamentPlatform.Shared\TournamentPlatform.Shared.csproj", "{4BAFE60A-8753-44E0-B8F6-5BF14593E3EF}"
EndProject
Project("{FAE04EC0-301F-11D3-BF4B-00C04F79EFBC}") = "TournamentPlatform.Messaging", "src\BuildingBlocks\TournamentPlatform.Messaging\TournamentPlatform.Messaging.csproj", "{16851648-2759-438B-B25A-8A37A96481CF}"
EndProject
Project("{2150E333-8FDC-42A3-9474-1A3956D46DE8}") = "Notification", "Notification", "{6F35D8EE-707B-4FCB-A23C-3650F5CDEA83}"
EndProject
Project("{FAE04EC0-301F-11D3-BF4B-00C04F79EFBC}") = "Notification.Domain", "src\Services\Notification\Notification.Domain\Notification.Domain.csproj", "{A071C47B-8181-4758-8723-81B94B2C7C36}"
EndProject
Project("{FAE04EC0-301F-11D3-BF4B-00C04F79EFBC}") = "Notification.Application", "src\Services\Notification\Notification.Application\Notification.Application.csproj", "{894ABB4A-745F-413F-94D9-2C77719A55AB}"
EndProject
Project("{FAE04EC0-301F-11D3-BF4B-00C04F79EFBC}") = "Notification.Infrastructure", "src\Services\Notification\Notification.Infrastructure\Notification.Infrastructure.csproj", "{D2A54775-56F1-462B-92C9-A8C342250922}"
EndProject
Project("{FAE04EC0-301F-11D3-BF4B-00C04F79EFBC}") = "Notification.Api", "src\Services\Notification\Notification.Api\Notification.Api.csproj", "{CAED0702-B645-433E-BC04-26E32520FFA7}"
EndProject
Project("{FAE04EC0-301F-11D3-BF4B-00C04F79EFBC}") = "Notification.Tests", "tests\Notification.Tests\Notification.Tests.csproj", "{79077168-6C23-4665-9C6F-1266CC9EEFEB}"
EndProject
Global
	GlobalSection(SolutionConfigurationPlatforms) = preSolution
		Debug|Any CPU = Debug|Any CPU
		Release|Any CPU = Release|Any CPU
	EndGlobalSection
	GlobalSection(SolutionProperties) = preSolution
		HideSolutionNode = FALSE
	EndGlobalSection
	GlobalSection(ProjectConfigurationPlatforms) = postSolution
		{88BC3E77-56FE-429D-A308-EF575DFE28C8}.Debug|Any CPU.ActiveCfg = Debug|Any CPU
		{88BC3E77-56FE-429D-A308-EF575DFE28C8}.Debug|Any CPU.Build.0 = Debug|Any CPU
		{88BC3E77-56FE-429D-A308-EF575DFE28C8}.Release|Any CPU.ActiveCfg = Release|Any CPU
		{88BC3E77-56FE-429D-A308-EF575DFE28C8}.Release|Any CPU.Build.0 = Release|Any CPU
		{E995BE4A-6BF4-42E5-958E-E61565535406}.Debug|Any CPU.ActiveCfg = Debug|Any CPU
		{E995BE4A-6BF4-42E5-958E-E61565535406}.Debug|Any CPU.Build.0 = Debug|Any CPU
		{E995BE4A-6BF4-42E5-958E-E61565535406}.Release|Any CPU.ActiveCfg = Release|Any CPU
		{E995BE4A-6BF4-42E5-958E-E61565535406}.Release|Any CPU.Build.0 = Release|Any CPU
		{4F2C8AE0-E261-4056-B108-C6466D8CB407}.Debug|Any CPU.ActiveCfg = Debug|Any CPU
		{4F2C8AE0-E261-4056-B108-C6466D8CB407}.Debug|Any CPU.Build.0 = Debug|Any CPU
		{4F2C8AE0-E261-4056-B108-C6466D8CB407}.Release|Any CPU.ActiveCfg = Release|Any CPU
		{4F2C8AE0-E261-4056-B108-C6466D8CB407}.Release|Any CPU.Build.0 = Release|Any CPU
		{87CA8CB1-92C8-439E-814C-D54F0D657497}.Debug|Any CPU.ActiveCfg = Debug|Any CPU
		{87CA8CB1-92C8-439E-814C-D54F0D657497}.Debug|Any CPU.Build.0 = Debug|Any CPU
		{87CA8CB1-92C8-439E-814C-D54F0D657497}.Release|Any CPU.ActiveCfg = Release|Any CPU
		{87CA8CB1-92C8-439E-814C-D54F0D657497}.Release|Any CPU.Build.0 = Release|Any CPU
		{68BBDA41-FF83-4D2C-B4F6-50035674EDDE}.Debug|Any CPU.ActiveCfg = Debug|Any CPU
		{68BBDA41-FF83-4D2C-B4F6-50035674EDDE}.Debug|Any CPU.Build.0 = Debug|Any CPU
		{68BBDA41-FF83-4D2C-B4F6-50035674EDDE}.Release|Any CPU.ActiveCfg = Release|Any CPU
		{68BBDA41-FF83-4D2C-B4F6-50035674EDDE}.Release|Any CPU.Build.0 = Release|Any CPU
		{887A1A48-15DE-40D0-B08D-1E4E4A26802B}.Debug|Any CPU.ActiveCfg = Debug|Any CPU
		{887A1A48-15DE-40D0-B08D-1E4E4A26802B}.Debug|Any CPU.Build.0 = Debug|Any CPU
		{887A1A48-15DE-40D0-B08D-1E4E4A26802B}.Release|Any CPU.ActiveCfg = Release|Any CPU
		{887A1A48-15DE-40D0-B08D-1E4E4A26802B}.Release|Any CPU.Build.0 = Release|Any CPU
		{E19CE3F2-569E-400A-8DBC-E01FB3C16EDF}.Debug|Any CPU.ActiveCfg = Debug|Any CPU
		{E19CE3F2-569E-400A-8DBC-E01FB3C16EDF}.Debug|Any CPU.Build.0 = Debug|Any CPU
		{E19CE3F2-569E-400A-8DBC-E01FB3C16EDF}.Release|Any CPU.ActiveCfg = Release|Any CPU
		{E19CE3F2-569E-400A-8DBC-E01FB3C16EDF}.Release|Any CPU.Build.0 = Release|Any CPU
		{9DF6C1EB-C416-4878-8CA3-34878E080B19}.Debug|Any CPU.ActiveCfg = Debug|Any CPU
		{9DF6C1EB-C416-4878-8CA3-34878E080B19}.Debug|Any CPU.Build.0 = Debug|Any CPU
		{9DF6C1EB-C416-4878-8CA3-34878E080B19}.Release|Any CPU.ActiveCfg = Release|Any CPU
		{9DF6C1EB-C416-4878-8CA3-34878E080B19}.Release|Any CPU.Build.0 = Release|Any CPU
		{3873A1EB-1E6F-4FE7-83FB-BC7AC5CCD61E}.Debug|Any CPU.ActiveCfg = Debug|Any CPU
		{3873A1EB-1E6F-4FE7-83FB-BC7AC5CCD61E}.Debug|Any CPU.Build.0 = Debug|Any CPU
		{3873A1EB-1E6F-4FE7-83FB-BC7AC5CCD61E}.Release|Any CPU.ActiveCfg = Release|Any CPU
		{3873A1EB-1E6F-4FE7-83FB-BC7AC5CCD61E}.Release|Any CPU.Build.0 = Release|Any CPU
		{C932602C-4448-4ECB-BBEB-FB61E6AE3C81}.Debug|Any CPU.ActiveCfg = Debug|Any CPU
		{C932602C-4448-4ECB-BBEB-FB61E6AE3C81}.Debug|Any CPU.Build.0 = Debug|Any CPU
		{C932602C-4448-4ECB-BBEB-FB61E6AE3C81}.Release|Any CPU.ActiveCfg = Release|Any CPU
		{C932602C-4448-4ECB-BBEB-FB61E6AE3C81}.Release|Any CPU.Build.0 = Release|Any CPU
		{FA2CAFEA-448A-4CAE-B38A-BC42C606F0F1}.Debug|Any CPU.ActiveCfg = Debug|Any CPU
		{FA2CAFEA-448A-4CAE-B38A-BC42C606F0F1}.Debug|Any CPU.Build.0 = Debug|Any CPU
		{FA2CAFEA-448A-4CAE-B38A-BC42C606F0F1}.Release|Any CPU.ActiveCfg = Release|Any CPU
		{FA2CAFEA-448A-4CAE-B38A-BC42C606F0F1}.Release|Any CPU.Build.0 = Release|Any CPU
		{862CA8A1-D3ED-4547-AF08-0B3A32664627}.Debug|Any CPU.ActiveCfg = Debug|Any CPU
		{862CA8A1-D3ED-4547-AF08-0B3A32664627}.Debug|Any CPU.Build.0 = Debug|Any CPU
		{862CA8A1-D3ED-4547-AF08-0B3A32664627}.Release|Any CPU.ActiveCfg = Release|Any CPU
		{862CA8A1-D3ED-4547-AF08-0B3A32664627}.Release|Any CPU.Build.0 = Release|Any CPU
		{DE620362-FF5A-47C2-8D8A-396C0127A5AF}.Debug|Any CPU.ActiveCfg = Debug|Any CPU
		{DE620362-FF5A-47C2-8D8A-396C0127A5AF}.Debug|Any CPU.Build.0 = Debug|Any CPU
		{DE620362-FF5A-47C2-8D8A-396C0127A5AF}.Release|Any CPU.ActiveCfg = Release|Any CPU
		{DE620362-FF5A-47C2-8D8A-396C0127A5AF}.Release|Any CPU.Build.0 = Release|Any CPU
		{4925F561-382B-4C9F-8833-BE48D2756210}.Debug|Any CPU.ActiveCfg = Debug|Any CPU
		{4925F561-382B-4C9F-8833-BE48D2756210}.Debug|Any CPU.Build.0 = Debug|Any CPU
		{4925F561-382B-4C9F-8833-BE48D2756210}.Release|Any CPU.ActiveCfg = Release|Any CPU
		{4925F561-382B-4C9F-8833-BE48D2756210}.Release|Any CPU.Build.0 = Release|Any CPU
		{B1F8E897-2F39-49D5-91AD-EC418F2208DC}.Debug|Any CPU.ActiveCfg = Debug|Any CPU
		{B1F8E897-2F39-49D5-91AD-EC418F2208DC}.Debug|Any CPU.Build.0 = Debug|Any CPU
		{B1F8E897-2F39-49D5-91AD-EC418F2208DC}.Release|Any CPU.ActiveCfg = Release|Any CPU
		{B1F8E897-2F39-49D5-91AD-EC418F2208DC}.Release|Any CPU.Build.0 = Release|Any CPU
		{1774745E-F376-4A40-82BB-41F36355AACA}.Debug|Any CPU.ActiveCfg = Debug|Any CPU
		{1774745E-F376-4A40-82BB-41F36355AACA}.Debug|Any CPU.Build.0 = Debug|Any CPU
		{1774745E-F376-4A40-82BB-41F36355AACA}.Release|Any CPU.ActiveCfg = Release|Any CPU
		{1774745E-F376-4A40-82BB-41F36355AACA}.Release|Any CPU.Build.0 = Release|Any CPU
		{C2C34809-9494-4A01-96E9-B336A6F55EB0}.Debug|Any CPU.ActiveCfg = Debug|Any CPU
		{C2C34809-9494-4A01-96E9-B336A6F55EB0}.Debug|Any CPU.Build.0 = Debug|Any CPU
		{C2C34809-9494-4A01-96E9-B336A6F55EB0}.Release|Any CPU.ActiveCfg = Release|Any CPU
		{C2C34809-9494-4A01-96E9-B336A6F55EB0}.Release|Any CPU.Build.0 = Release|Any CPU
		{4BAFE60A-8753-44E0-B8F6-5BF14593E3EF}.Debug|Any CPU.ActiveCfg = Debug|Any CPU
		{4BAFE60A-8753-44E0-B8F6-5BF14593E3EF}.Debug|Any CPU.Build.0 = Debug|Any CPU
		{4BAFE60A-8753-44E0-B8F6-5BF14593E3EF}.Release|Any CPU.ActiveCfg = Release|Any CPU
		{4BAFE60A-8753-44E0-B8F6-5BF14593E3EF}.Release|Any CPU.Build.0 = Release|Any CPU
		{16851648-2759-438B-B25A-8A37A96481CF}.Debug|Any CPU.ActiveCfg = Debug|Any CPU
		{16851648-2759-438B-B25A-8A37A96481CF}.Debug|Any CPU.Build.0 = Debug|Any CPU
		{16851648-2759-438B-B25A-8A37A96481CF}.Release|Any CPU.ActiveCfg = Release|Any CPU
		{16851648-2759-438B-B25A-8A37A96481CF}.Release|Any CPU.Build.0 = Release|Any CPU
		{A071C47B-8181-4758-8723-81B94B2C7C36}.Debug|Any CPU.ActiveCfg = Debug|Any CPU
		{A071C47B-8181-4758-8723-81B94B2C7C36}.Debug|Any CPU.Build.0 = Debug|Any CPU
		{A071C47B-8181-4758-8723-81B94B2C7C36}.Release|Any CPU.ActiveCfg = Release|Any CPU
		{A071C47B-8181-4758-8723-81B94B2C7C36}.Release|Any CPU.Build.0 = Release|Any CPU
		{894ABB4A-745F-413F-94D9-2C77719A55AB}.Debug|Any CPU.ActiveCfg = Debug|Any CPU
		{894ABB4A-745F-413F-94D9-2C77719A55AB}.Debug|Any CPU.Build.0 = Debug|Any CPU
		{894ABB4A-745F-413F-94D9-2C77719A55AB}.Release|Any CPU.ActiveCfg = Release|Any CPU
		{894ABB4A-745F-413F-94D9-2C77719A55AB}.Release|Any CPU.Build.0 = Release|Any CPU
		{D2A54775-56F1-462B-92C9-A8C342250922}.Debug|Any CPU.ActiveCfg = Debug|Any CPU
		{D2A54775-56F1-462B-92C9-A8C342250922}.Debug|Any CPU.Build.0 = Debug|Any CPU
		{D2A54775-56F1-462B-92C9-A8C342250922}.Release|Any CPU.ActiveCfg = Release|Any CPU
		{D2A54775-56F1-462B-92C9-A8C342250922}.Release|Any CPU.Build.0 = Release|Any CPU
		{CAED0702-B645-433E-BC04-26E32520FFA7}.Debug|Any CPU.ActiveCfg = Debug|Any CPU
		{CAED0702-B645-433E-BC04-26E32520FFA7}.Debug|Any CPU.Build.0 = Debug|Any CPU
		{CAED0702-B645-433E-BC04-26E32520FFA7}.Release|Any CPU.ActiveCfg = Release|Any CPU
		{CAED0702-B645-433E-BC04-26E32520FFA7}.Release|Any CPU.Build.0 = Release|Any CPU
		{79077168-6C23-4665-9C6F-1266CC9EEFEB}.Debug|Any CPU.ActiveCfg = Debug|Any CPU
		{79077168-6C23-4665-9C6F-1266CC9EEFEB}.Debug|Any CPU.Build.0 = Debug|Any CPU
		{79077168-6C23-4665-9C6F-1266CC9EEFEB}.Release|Any CPU.ActiveCfg = Release|Any CPU
		{79077168-6C23-4665-9C6F-1266CC9EEFEB}.Release|Any CPU.Build.0 = Release|Any CPU
	EndGlobalSection
	GlobalSection(NestedProjects) = preSolution
		{59BA8B72-E2F8-41D4-BDB3-7A3948A57FBF} = {E47CDA60-76C9-45FC-AFE5-C29A82724D59}
		{88BC3E77-56FE-429D-A308-EF575DFE28C8} = {59BA8B72-E2F8-41D4-BDB3-7A3948A57FBF}
		{6EA313C5-4FA2-4ACE-9E5B-60AF8C4066E6} = {E47CDA60-76C9-45FC-AFE5-C29A82724D59}
		{EC38E1DB-551C-4030-991E-3C1DE901B077} = {6EA313C5-4FA2-4ACE-9E5B-60AF8C4066E6}
		{E995BE4A-6BF4-42E5-958E-E61565535406} = {EC38E1DB-551C-4030-991E-3C1DE901B077}
		{4F2C8AE0-E261-4056-B108-C6466D8CB407} = {EC38E1DB-551C-4030-991E-3C1DE901B077}
		{87CA8CB1-92C8-439E-814C-D54F0D657497} = {EC38E1DB-551C-4030-991E-3C1DE901B077}
		{68BBDA41-FF83-4D2C-B4F6-50035674EDDE} = {EC38E1DB-551C-4030-991E-3C1DE901B077}
		{4AAB3E3C-604C-4002-AEB1-85CDA35CD628} = {6EA313C5-4FA2-4ACE-9E5B-60AF8C4066E6}
		{887A1A48-15DE-40D0-B08D-1E4E4A26802B} = {4AAB3E3C-604C-4002-AEB1-85CDA35CD628}
		{E19CE3F2-569E-400A-8DBC-E01FB3C16EDF} = {4AAB3E3C-604C-4002-AEB1-85CDA35CD628}
		{9DF6C1EB-C416-4878-8CA3-34878E080B19} = {4AAB3E3C-604C-4002-AEB1-85CDA35CD628}
		{3873A1EB-1E6F-4FE7-83FB-BC7AC5CCD61E} = {4AAB3E3C-604C-4002-AEB1-85CDA35CD628}
		{D2EE9ABF-9FFD-46A1-857C-BF15E02C5445} = {6EA313C5-4FA2-4ACE-9E5B-60AF8C4066E6}
		{C932602C-4448-4ECB-BBEB-FB61E6AE3C81} = {D2EE9ABF-9FFD-46A1-857C-BF15E02C5445}
		{FA2CAFEA-448A-4CAE-B38A-BC42C606F0F1} = {D2EE9ABF-9FFD-46A1-857C-BF15E02C5445}
		{862CA8A1-D3ED-4547-AF08-0B3A32664627} = {D2EE9ABF-9FFD-46A1-857C-BF15E02C5445}
		{DE620362-FF5A-47C2-8D8A-396C0127A5AF} = {D2EE9ABF-9FFD-46A1-857C-BF15E02C5445}
		{4925F561-382B-4C9F-8833-BE48D2756210} = {D9EA770F-091B-477E-AEF5-85D26E4CF5A1}
		{B1F8E897-2F39-49D5-91AD-EC418F2208DC} = {D9EA770F-091B-477E-AEF5-85D26E4CF5A1}
		{1774745E-F376-4A40-82BB-41F36355AACA} = {D9EA770F-091B-477E-AEF5-85D26E4CF5A1}
		{C2C34809-9494-4A01-96E9-B336A6F55EB0} = {D9EA770F-091B-477E-AEF5-85D26E4CF5A1}
		{4BAFE60A-8753-44E0-B8F6-5BF14593E3EF} = {59BA8B72-E2F8-41D4-BDB3-7A3948A57FBF}
		{16851648-2759-438B-B25A-8A37A96481CF} = {59BA8B72-E2F8-41D4-BDB3-7A3948A57FBF}
		{6F35D8EE-707B-4FCB-A23C-3650F5CDEA83} = {6EA313C5-4FA2-4ACE-9E5B-60AF8C4066E6}
		{A071C47B-8181-4758-8723-81B94B2C7C36} = {6F35D8EE-707B-4FCB-A23C-3650F5CDEA83}
		{894ABB4A-745F-413F-94D9-2C77719A55AB} = {6F35D8EE-707B-4FCB-A23C-3650F5CDEA83}
		{D2A54775-56F1-462B-92C9-A8C342250922} = {6F35D8EE-707B-4FCB-A23C-3650F5CDEA83}
		{CAED0702-B645-433E-BC04-26E32520FFA7} = {6F35D8EE-707B-4FCB-A23C-3650F5CDEA83}
		{79077168-6C23-4665-9C6F-1266CC9EEFEB} = {D9EA770F-091B-477E-AEF5-85D26E4CF5A1}
	EndGlobalSection
EndGlobal
